// !$*UTF8*$!
{
	archiveVersion = 1;
	classes = {
	};
	objectVersion = 56;
	objects = {

/* Begin PBXBuildFile section */
		2018A24F2AAA289B00CD0779 /* UserProfile.swift in Sources */ = {isa = PBXBuildFile; fileRef = 2018A24E2AAA289B00CD0779 /* UserProfile.swift */; };
		2018A2512AAA30A400CD0779 /* CardNavigateToCategory.swift in Sources */ = {isa = PBXBuildFile; fileRef = 2018A2502AAA30A400CD0779 /* CardNavigateToCategory.swift */; };
		2018A2532AAA44CE00CD0779 /* CardTask.swift in Sources */ = {isa = PBXBuildFile; fileRef = 2018A2522AAA44CE00CD0779 /* CardTask.swift */; };
		2018A2552AAA4B6200CD0779 /* HomeModel.swift in Sources */ = {isa = PBXBuildFile; fileRef = 2018A2542AAA4B6200CD0779 /* HomeModel.swift */; };
		2018A25B2AAA524100CD0779 /* FormNewTodoView.swift in Sources */ = {isa = PBXBuildFile; fileRef = 2018A25A2AAA524100CD0779 /* FormNewTodoView.swift */; };
		2018A25D2AAA59D300CD0779 /* FormNewTodoViewModel.swift in Sources */ = {isa = PBXBuildFile; fileRef = 2018A25C2AAA59D300CD0779 /* FormNewTodoViewModel.swift */; };
		2018A25F2AAA5E9E00CD0779 /* FormNewTodoModel.swift in Sources */ = {isa = PBXBuildFile; fileRef = 2018A25E2AAA5E9E00CD0779 /* FormNewTodoModel.swift */; };
		2020F42D2AA5489500BBA00C /* SigInViewModel.swift in Sources */ = {isa = PBXBuildFile; fileRef = 2020F42C2AA5489500BBA00C /* SigInViewModel.swift */; };
		2020F42F2AA5496C00BBA00C /* SplashViewRouter.swift in Sources */ = {isa = PBXBuildFile; fileRef = 2020F42E2AA5496C00BBA00C /* SplashViewRouter.swift */; };
		206FC48F2A9BC224009D41B6 /* first_appApp.swift in Sources */ = {isa = PBXBuildFile; fileRef = 206FC48E2A9BC224009D41B6 /* first_appApp.swift */; };
		206FC4932A9BC225009D41B6 /* Assets.xcassets in Resources */ = {isa = PBXBuildFile; fileRef = 206FC4922A9BC225009D41B6 /* Assets.xcassets */; };
		206FC4962A9BC225009D41B6 /* Preview Assets.xcassets in Resources */ = {isa = PBXBuildFile; fileRef = 206FC4952A9BC225009D41B6 /* Preview Assets.xcassets */; };
		206FC4A02A9BC225009D41B6 /* first_appTests.swift in Sources */ = {isa = PBXBuildFile; fileRef = 206FC49F2A9BC225009D41B6 /* first_appTests.swift */; };
		206FC4AA2A9BC225009D41B6 /* first_appUITests.swift in Sources */ = {isa = PBXBuildFile; fileRef = 206FC4A92A9BC225009D41B6 /* first_appUITests.swift */; };
		206FC4AC2A9BC225009D41B6 /* first_appUITestsLaunchTests.swift in Sources */ = {isa = PBXBuildFile; fileRef = 206FC4AB2A9BC225009D41B6 /* first_appUITestsLaunchTests.swift */; };
		206FC4BF2A9BDB7C009D41B6 /* SplashView.swift in Sources */ = {isa = PBXBuildFile; fileRef = 206FC4BE2A9BDB7C009D41B6 /* SplashView.swift */; };
		206FC4C12A9BDBC1009D41B6 /* SplashUIState.swift in Sources */ = {isa = PBXBuildFile; fileRef = 206FC4C02A9BDBC1009D41B6 /* SplashUIState.swift */; };
		206FC4C42A9BE1F7009D41B6 /* SplashImage.swift in Sources */ = {isa = PBXBuildFile; fileRef = 206FC4C32A9BE1F7009D41B6 /* SplashImage.swift */; };
		206FC4C62A9BE4E9009D41B6 /* ErrorScreen.swift in Sources */ = {isa = PBXBuildFile; fileRef = 206FC4C52A9BE4E9009D41B6 /* ErrorScreen.swift */; };
		206FC4C82A9BF15D009D41B6 /* SplashViewModel.swift in Sources */ = {isa = PBXBuildFile; fileRef = 206FC4C72A9BF15D009D41B6 /* SplashViewModel.swift */; };
		206FC4CC2A9BF8F8009D41B6 /* LoginView.swift in Sources */ = {isa = PBXBuildFile; fileRef = 206FC4CB2A9BF8F8009D41B6 /* LoginView.swift */; };
		20768E8F2AA7FC0500816F3D /* SignInUIState.swift in Sources */ = {isa = PBXBuildFile; fileRef = 20768E8E2AA7FC0500816F3D /* SignInUIState.swift */; };
		20768E912AA7FFFD00816F3D /* SignInViewRouter.swift in Sources */ = {isa = PBXBuildFile; fileRef = 20768E902AA7FFFD00816F3D /* SignInViewRouter.swift */; };
		20768E972AA8006800816F3D /* HomeView.swift in Sources */ = {isa = PBXBuildFile; fileRef = 20768E962AA8006800816F3D /* HomeView.swift */; };
		20768E992AA800D100816F3D /* HomeViewModel.swift in Sources */ = {isa = PBXBuildFile; fileRef = 20768E982AA800D100816F3D /* HomeViewModel.swift */; };
		20768E9F2AA80AB000816F3D /* SignUpView.swift in Sources */ = {isa = PBXBuildFile; fileRef = 20768E9E2AA80AB000816F3D /* SignUpView.swift */; };
		20768EA12AA80B9100816F3D /* SignUpViewModel.swift in Sources */ = {isa = PBXBuildFile; fileRef = 20768EA02AA80B9100816F3D /* SignUpViewModel.swift */; };
		20768EA32AA8128F00816F3D /* SignUpViewRouter.swift in Sources */ = {isa = PBXBuildFile; fileRef = 20768EA22AA8128F00816F3D /* SignUpViewRouter.swift */; };
		20DBAD342AB7CFA5000A1645 /* TaskDetails.swift in Sources */ = {isa = PBXBuildFile; fileRef = 20DBAD332AB7CFA5000A1645 /* TaskDetails.swift */; };
		20DBAD362AB7D038000A1645 /* TaskDetailsViewModel.swift in Sources */ = {isa = PBXBuildFile; fileRef = 20DBAD352AB7D038000A1645 /* TaskDetailsViewModel.swift */; };
/* End PBXBuildFile section */

/* Begin PBXContainerItemProxy section */
		206FC49C2A9BC225009D41B6 /* PBXContainerItemProxy */ = {
			isa = PBXContainerItemProxy;
			containerPortal = 206FC4832A9BC224009D41B6 /* Project object */;
			proxyType = 1;
			remoteGlobalIDString = 206FC48A2A9BC224009D41B6;
			remoteInfo = "first-app";
		};
		206FC4A62A9BC225009D41B6 /* PBXContainerItemProxy */ = {
			isa = PBXContainerItemProxy;
			containerPortal = 206FC4832A9BC224009D41B6 /* Project object */;
			proxyType = 1;
			remoteGlobalIDString = 206FC48A2A9BC224009D41B6;
			remoteInfo = "first-app";
		};
/* End PBXContainerItemProxy section */

/* Begin PBXFileReference section */
		2018A24E2AAA289B00CD0779 /* UserProfile.swift */ = {isa = PBXFileReference; lastKnownFileType = sourcecode.swift; path = UserProfile.swift; sourceTree = "<group>"; };
		2018A2502AAA30A400CD0779 /* CardNavigateToCategory.swift */ = {isa = PBXFileReference; lastKnownFileType = sourcecode.swift; path = CardNavigateToCategory.swift; sourceTree = "<group>"; };
		2018A2522AAA44CE00CD0779 /* CardTask.swift */ = {isa = PBXFileReference; lastKnownFileType = sourcecode.swift; path = CardTask.swift; sourceTree = "<group>"; };
		2018A2542AAA4B6200CD0779 /* HomeModel.swift */ = {isa = PBXFileReference; lastKnownFileType = sourcecode.swift; path = HomeModel.swift; sourceTree = "<group>"; };
		2018A25A2AAA524100CD0779 /* FormNewTodoView.swift */ = {isa = PBXFileReference; lastKnownFileType = sourcecode.swift; path = FormNewTodoView.swift; sourceTree = "<group>"; };
		2018A25C2AAA59D300CD0779 /* FormNewTodoViewModel.swift */ = {isa = PBXFileReference; lastKnownFileType = sourcecode.swift; path = FormNewTodoViewModel.swift; sourceTree = "<group>"; };
		2018A25E2AAA5E9E00CD0779 /* FormNewTodoModel.swift */ = {isa = PBXFileReference; lastKnownFileType = sourcecode.swift; path = FormNewTodoModel.swift; sourceTree = "<group>"; };
		2020F42C2AA5489500BBA00C /* SigInViewModel.swift */ = {isa = PBXFileReference; lastKnownFileType = sourcecode.swift; path = SigInViewModel.swift; sourceTree = "<group>"; };
		2020F42E2AA5496C00BBA00C /* SplashViewRouter.swift */ = {isa = PBXFileReference; lastKnownFileType = sourcecode.swift; path = SplashViewRouter.swift; sourceTree = "<group>"; };
		206FC48B2A9BC224009D41B6 /* first-app.app */ = {isa = PBXFileReference; explicitFileType = wrapper.application; includeInIndex = 0; path = "first-app.app"; sourceTree = BUILT_PRODUCTS_DIR; };
		206FC48E2A9BC224009D41B6 /* first_appApp.swift */ = {isa = PBXFileReference; lastKnownFileType = sourcecode.swift; path = first_appApp.swift; sourceTree = "<group>"; };
		206FC4922A9BC225009D41B6 /* Assets.xcassets */ = {isa = PBXFileReference; lastKnownFileType = folder.assetcatalog; path = Assets.xcassets; sourceTree = "<group>"; };
		206FC4952A9BC225009D41B6 /* Preview Assets.xcassets */ = {isa = PBXFileReference; lastKnownFileType = folder.assetcatalog; path = "Preview Assets.xcassets"; sourceTree = "<group>"; };
		206FC49B2A9BC225009D41B6 /* first-appTests.xctest */ = {isa = PBXFileReference; explicitFileType = wrapper.cfbundle; includeInIndex = 0; path = "first-appTests.xctest"; sourceTree = BUILT_PRODUCTS_DIR; };
		206FC49F2A9BC225009D41B6 /* first_appTests.swift */ = {isa = PBXFileReference; lastKnownFileType = sourcecode.swift; path = first_appTests.swift; sourceTree = "<group>"; };
		206FC4A52A9BC225009D41B6 /* first-appUITests.xctest */ = {isa = PBXFileReference; explicitFileType = wrapper.cfbundle; includeInIndex = 0; path = "first-appUITests.xctest"; sourceTree = BUILT_PRODUCTS_DIR; };
		206FC4A92A9BC225009D41B6 /* first_appUITests.swift */ = {isa = PBXFileReference; lastKnownFileType = sourcecode.swift; path = first_appUITests.swift; sourceTree = "<group>"; };
		206FC4AB2A9BC225009D41B6 /* first_appUITestsLaunchTests.swift */ = {isa = PBXFileReference; lastKnownFileType = sourcecode.swift; path = first_appUITestsLaunchTests.swift; sourceTree = "<group>"; };
		206FC4BE2A9BDB7C009D41B6 /* SplashView.swift */ = {isa = PBXFileReference; lastKnownFileType = sourcecode.swift; path = SplashView.swift; sourceTree = "<group>"; };
		206FC4C02A9BDBC1009D41B6 /* SplashUIState.swift */ = {isa = PBXFileReference; lastKnownFileType = sourcecode.swift; path = SplashUIState.swift; sourceTree = "<group>"; };
		206FC4C32A9BE1F7009D41B6 /* SplashImage.swift */ = {isa = PBXFileReference; lastKnownFileType = sourcecode.swift; path = SplashImage.swift; sourceTree = "<group>"; };
		206FC4C52A9BE4E9009D41B6 /* ErrorScreen.swift */ = {isa = PBXFileReference; lastKnownFileType = sourcecode.swift; path = ErrorScreen.swift; sourceTree = "<group>"; };
		206FC4C72A9BF15D009D41B6 /* SplashViewModel.swift */ = {isa = PBXFileReference; lastKnownFileType = sourcecode.swift; path = SplashViewModel.swift; sourceTree = "<group>"; };
		206FC4CB2A9BF8F8009D41B6 /* LoginView.swift */ = {isa = PBXFileReference; lastKnownFileType = sourcecode.swift; path = LoginView.swift; sourceTree = "<group>"; };
		20768E8E2AA7FC0500816F3D /* SignInUIState.swift */ = {isa = PBXFileReference; lastKnownFileType = sourcecode.swift; path = SignInUIState.swift; sourceTree = "<group>"; };
		20768E902AA7FFFD00816F3D /* SignInViewRouter.swift */ = {isa = PBXFileReference; lastKnownFileType = sourcecode.swift; path = SignInViewRouter.swift; sourceTree = "<group>"; };
		20768E962AA8006800816F3D /* HomeView.swift */ = {isa = PBXFileReference; lastKnownFileType = sourcecode.swift; path = HomeView.swift; sourceTree = "<group>"; };
		20768E982AA800D100816F3D /* HomeViewModel.swift */ = {isa = PBXFileReference; lastKnownFileType = sourcecode.swift; path = HomeViewModel.swift; sourceTree = "<group>"; };
		20768E9E2AA80AB000816F3D /* SignUpView.swift */ = {isa = PBXFileReference; lastKnownFileType = sourcecode.swift; path = SignUpView.swift; sourceTree = "<group>"; };
		20768EA02AA80B9100816F3D /* SignUpViewModel.swift */ = {isa = PBXFileReference; lastKnownFileType = sourcecode.swift; path = SignUpViewModel.swift; sourceTree = "<group>"; };
		20768EA22AA8128F00816F3D /* SignUpViewRouter.swift */ = {isa = PBXFileReference; lastKnownFileType = sourcecode.swift; path = SignUpViewRouter.swift; sourceTree = "<group>"; };
		20DBAD332AB7CFA5000A1645 /* TaskDetails.swift */ = {isa = PBXFileReference; lastKnownFileType = sourcecode.swift; path = TaskDetails.swift; sourceTree = "<group>"; };
		20DBAD352AB7D038000A1645 /* TaskDetailsViewModel.swift */ = {isa = PBXFileReference; lastKnownFileType = sourcecode.swift; path = TaskDetailsViewModel.swift; sourceTree = "<group>"; };
/* End PBXFileReference section */

/* Begin PBXFrameworksBuildPhase section */
		206FC4882A9BC224009D41B6 /* Frameworks */ = {
			isa = PBXFrameworksBuildPhase;
			buildActionMask = 2147483647;
			files = (
			);
			runOnlyForDeploymentPostprocessing = 0;
		};
		206FC4982A9BC225009D41B6 /* Frameworks */ = {
			isa = PBXFrameworksBuildPhase;
			buildActionMask = 2147483647;
			files = (
			);
			runOnlyForDeploymentPostprocessing = 0;
		};
		206FC4A22A9BC225009D41B6 /* Frameworks */ = {
			isa = PBXFrameworksBuildPhase;
			buildActionMask = 2147483647;
			files = (
			);
			runOnlyForDeploymentPostprocessing = 0;
		};
/* End PBXFrameworksBuildPhase section */

/* Begin PBXGroup section */
		2018A2562AAA520D00CD0779 /* FormNewTodo */ = {
			isa = PBXGroup;
			children = (
				2018A2592AAA522500CD0779 /* Model */,
				2018A2582AAA521A00CD0779 /* ViewModel */,
				2018A2572AAA521600CD0779 /* View */,
			);
			path = FormNewTodo;
			sourceTree = "<group>";
		};
		2018A2572AAA521600CD0779 /* View */ = {
			isa = PBXGroup;
			children = (
				2018A25A2AAA524100CD0779 /* FormNewTodoView.swift */,
			);
			path = View;
			sourceTree = "<group>";
		};
		2018A2582AAA521A00CD0779 /* ViewModel */ = {
			isa = PBXGroup;
			children = (
				2018A25C2AAA59D300CD0779 /* FormNewTodoViewModel.swift */,
			);
			path = ViewModel;
			sourceTree = "<group>";
		};
		2018A2592AAA522500CD0779 /* Model */ = {
			isa = PBXGroup;
			children = (
				2018A25E2AAA5E9E00CD0779 /* FormNewTodoModel.swift */,
			);
			path = Model;
			sourceTree = "<group>";
		};
		2020F42A2AA5484000BBA00C /* ViewModel */ = {
			isa = PBXGroup;
			children = (
				2020F42C2AA5489500BBA00C /* SigInViewModel.swift */,
				20768E902AA7FFFD00816F3D /* SignInViewRouter.swift */,
			);
			path = ViewModel;
			sourceTree = "<group>";
		};
		2020F42B2AA5484A00BBA00C /* Model */ = {
			isa = PBXGroup;
			children = (
				20768E8E2AA7FC0500816F3D /* SignInUIState.swift */,
			);
			path = Model;
			sourceTree = "<group>";
		};
		206FC4822A9BC224009D41B6 = {
			isa = PBXGroup;
			children = (
				206FC48D2A9BC224009D41B6 /* first-app */,
				206FC49E2A9BC225009D41B6 /* first-appTests */,
				206FC4A82A9BC225009D41B6 /* first-appUITests */,
				206FC48C2A9BC224009D41B6 /* Products */,
			);
			sourceTree = "<group>";
		};
		206FC48C2A9BC224009D41B6 /* Products */ = {
			isa = PBXGroup;
			children = (
				206FC48B2A9BC224009D41B6 /* first-app.app */,
				206FC49B2A9BC225009D41B6 /* first-appTests.xctest */,
				206FC4A52A9BC225009D41B6 /* first-appUITests.xctest */,
			);
			name = Products;
			sourceTree = "<group>";
		};
		206FC48D2A9BC224009D41B6 /* first-app */ = {
			isa = PBXGroup;
			children = (
				20DBAD2F2AB7CF77000A1645 /* ViewTask */,
				2018A2562AAA520D00CD0779 /* FormNewTodo */,
				20768E9A2AA80A6E00816F3D /* SignUp */,
				20768E922AA8003B00816F3D /* Home */,
				206FC4C92A9BF8D8009D41B6 /* Login */,
				206FC4C22A9BE1DC009D41B6 /* Components */,
				206FC48E2A9BC224009D41B6 /* first_appApp.swift */,
				206FC4B82A9BDB0E009D41B6 /* Splash */,
				206FC4922A9BC225009D41B6 /* Assets.xcassets */,
				206FC4942A9BC225009D41B6 /* Preview Content */,
			);
			path = "first-app";
			sourceTree = "<group>";
		};
		206FC4942A9BC225009D41B6 /* Preview Content */ = {
			isa = PBXGroup;
			children = (
				206FC4952A9BC225009D41B6 /* Preview Assets.xcassets */,
			);
			path = "Preview Content";
			sourceTree = "<group>";
		};
		206FC49E2A9BC225009D41B6 /* first-appTests */ = {
			isa = PBXGroup;
			children = (
				206FC49F2A9BC225009D41B6 /* first_appTests.swift */,
			);
			path = "first-appTests";
			sourceTree = "<group>";
		};
		206FC4A82A9BC225009D41B6 /* first-appUITests */ = {
			isa = PBXGroup;
			children = (
				206FC4A92A9BC225009D41B6 /* first_appUITests.swift */,
				206FC4AB2A9BC225009D41B6 /* first_appUITestsLaunchTests.swift */,
			);
			path = "first-appUITests";
			sourceTree = "<group>";
		};
		206FC4B82A9BDB0E009D41B6 /* Splash */ = {
			isa = PBXGroup;
			children = (
				206FC4BB2A9BDB2A009D41B6 /* ViewModel */,
				206FC4BA2A9BDB23009D41B6 /* Model */,
				206FC4B92A9BDB1C009D41B6 /* View */,
			);
			path = Splash;
			sourceTree = "<group>";
		};
		206FC4B92A9BDB1C009D41B6 /* View */ = {
			isa = PBXGroup;
			children = (
				206FC4BE2A9BDB7C009D41B6 /* SplashView.swift */,
			);
			path = View;
			sourceTree = "<group>";
		};
		206FC4BA2A9BDB23009D41B6 /* Model */ = {
			isa = PBXGroup;
			children = (
				206FC4C02A9BDBC1009D41B6 /* SplashUIState.swift */,
			);
			path = Model;
			sourceTree = "<group>";
		};
		206FC4BB2A9BDB2A009D41B6 /* ViewModel */ = {
			isa = PBXGroup;
			children = (
				206FC4C72A9BF15D009D41B6 /* SplashViewModel.swift */,
				2020F42E2AA5496C00BBA00C /* SplashViewRouter.swift */,
			);
			path = ViewModel;
			sourceTree = "<group>";
		};
		206FC4C22A9BE1DC009D41B6 /* Components */ = {
			isa = PBXGroup;
			children = (
				206FC4C32A9BE1F7009D41B6 /* SplashImage.swift */,
				206FC4C52A9BE4E9009D41B6 /* ErrorScreen.swift */,
				2018A24E2AAA289B00CD0779 /* UserProfile.swift */,
				2018A2502AAA30A400CD0779 /* CardNavigateToCategory.swift */,
				2018A2522AAA44CE00CD0779 /* CardTask.swift */,
			);
			path = Components;
			sourceTree = "<group>";
		};
		206FC4C92A9BF8D8009D41B6 /* Login */ = {
			isa = PBXGroup;
			children = (
				2020F42B2AA5484A00BBA00C /* Model */,
				2020F42A2AA5484000BBA00C /* ViewModel */,
				206FC4CA2A9BF8E6009D41B6 /* View */,
			);
			path = Login;
			sourceTree = "<group>";
		};
		206FC4CA2A9BF8E6009D41B6 /* View */ = {
			isa = PBXGroup;
			children = (
				206FC4CB2A9BF8F8009D41B6 /* LoginView.swift */,
			);
			path = View;
			sourceTree = "<group>";
		};
		20768E922AA8003B00816F3D /* Home */ = {
			isa = PBXGroup;
			children = (
				20768E952AA8005200816F3D /* Model */,
				20768E942AA8004800816F3D /* ViewModel */,
				20768E932AA8004300816F3D /* View */,
			);
			path = Home;
			sourceTree = "<group>";
		};
		20768E932AA8004300816F3D /* View */ = {
			isa = PBXGroup;
			children = (
				20768E962AA8006800816F3D /* HomeView.swift */,
			);
			path = View;
			sourceTree = "<group>";
		};
		20768E942AA8004800816F3D /* ViewModel */ = {
			isa = PBXGroup;
			children = (
				20768E982AA800D100816F3D /* HomeViewModel.swift */,
			);
			path = ViewModel;
			sourceTree = "<group>";
		};
		20768E952AA8005200816F3D /* Model */ = {
			isa = PBXGroup;
			children = (
				2018A2542AAA4B6200CD0779 /* HomeModel.swift */,
			);
			path = Model;
			sourceTree = "<group>";
		};
		20768E9A2AA80A6E00816F3D /* SignUp */ = {
			isa = PBXGroup;
			children = (
				20768E9D2AA80A9E00816F3D /* Model */,
				20768E9C2AA80A9800816F3D /* ViewModel */,
				20768E9B2AA80A9400816F3D /* View */,
			);
			path = SignUp;
			sourceTree = "<group>";
		};
		20768E9B2AA80A9400816F3D /* View */ = {
			isa = PBXGroup;
			children = (
				20768E9E2AA80AB000816F3D /* SignUpView.swift */,
			);
			path = View;
			sourceTree = "<group>";
		};
		20768E9C2AA80A9800816F3D /* ViewModel */ = {
			isa = PBXGroup;
			children = (
				20768EA02AA80B9100816F3D /* SignUpViewModel.swift */,
				20768EA22AA8128F00816F3D /* SignUpViewRouter.swift */,
			);
			path = ViewModel;
			sourceTree = "<group>";
		};
		20768E9D2AA80A9E00816F3D /* Model */ = {
			isa = PBXGroup;
			children = (
			);
			path = Model;
			sourceTree = "<group>";
		};
		20DBAD2F2AB7CF77000A1645 /* ViewTask */ = {
			isa = PBXGroup;
			children = (
				20DBAD322AB7CF8D000A1645 /* Model */,
				20DBAD312AB7CF87000A1645 /* ViewModel */,
				20DBAD302AB7CF82000A1645 /* View */,
			);
			path = ViewTask;
			sourceTree = "<group>";
		};
		20DBAD302AB7CF82000A1645 /* View */ = {
			isa = PBXGroup;
			children = (
				20DBAD332AB7CFA5000A1645 /* TaskDetails.swift */,
			);
			path = View;
			sourceTree = "<group>";
		};
		20DBAD312AB7CF87000A1645 /* ViewModel */ = {
			isa = PBXGroup;
			children = (
				20DBAD352AB7D038000A1645 /* TaskDetailsViewModel.swift */,
			);
			path = ViewModel;
			sourceTree = "<group>";
		};
		20DBAD322AB7CF8D000A1645 /* Model */ = {
			isa = PBXGroup;
			children = (
			);
			path = Model;
			sourceTree = "<group>";
		};
/* End PBXGroup section */

/* Begin PBXNativeTarget section */
		206FC48A2A9BC224009D41B6 /* first-app */ = {
			isa = PBXNativeTarget;
			buildConfigurationList = 206FC4AF2A9BC225009D41B6 /* Build configuration list for PBXNativeTarget "first-app" */;
			buildPhases = (
				206FC4872A9BC224009D41B6 /* Sources */,
				206FC4882A9BC224009D41B6 /* Frameworks */,
				206FC4892A9BC224009D41B6 /* Resources */,
			);
			buildRules = (
			);
			dependencies = (
			);
			name = "first-app";
			productName = "first-app";
			productReference = 206FC48B2A9BC224009D41B6 /* first-app.app */;
			productType = "com.apple.product-type.application";
		};
		206FC49A2A9BC225009D41B6 /* first-appTests */ = {
			isa = PBXNativeTarget;
			buildConfigurationList = 206FC4B22A9BC225009D41B6 /* Build configuration list for PBXNativeTarget "first-appTests" */;
			buildPhases = (
				206FC4972A9BC225009D41B6 /* Sources */,
				206FC4982A9BC225009D41B6 /* Frameworks */,
				206FC4992A9BC225009D41B6 /* Resources */,
			);
			buildRules = (
			);
			dependencies = (
				206FC49D2A9BC225009D41B6 /* PBXTargetDependency */,
			);
			name = "first-appTests";
			productName = "first-appTests";
			productReference = 206FC49B2A9BC225009D41B6 /* first-appTests.xctest */;
			productType = "com.apple.product-type.bundle.unit-test";
		};
		206FC4A42A9BC225009D41B6 /* first-appUITests */ = {
			isa = PBXNativeTarget;
			buildConfigurationList = 206FC4B52A9BC225009D41B6 /* Build configuration list for PBXNativeTarget "first-appUITests" */;
			buildPhases = (
				206FC4A12A9BC225009D41B6 /* Sources */,
				206FC4A22A9BC225009D41B6 /* Frameworks */,
				206FC4A32A9BC225009D41B6 /* Resources */,
			);
			buildRules = (
			);
			dependencies = (
				206FC4A72A9BC225009D41B6 /* PBXTargetDependency */,
			);
			name = "first-appUITests";
			productName = "first-appUITests";
			productReference = 206FC4A52A9BC225009D41B6 /* first-appUITests.xctest */;
			productType = "com.apple.product-type.bundle.ui-testing";
		};
/* End PBXNativeTarget section */

/* Begin PBXProject section */
		206FC4832A9BC224009D41B6 /* Project object */ = {
			isa = PBXProject;
			attributes = {
				BuildIndependentTargetsInParallel = 1;
				LastSwiftUpdateCheck = 1430;
				LastUpgradeCheck = 1430;
				TargetAttributes = {
					206FC48A2A9BC224009D41B6 = {
						CreatedOnToolsVersion = 14.3.1;
					};
					206FC49A2A9BC225009D41B6 = {
						CreatedOnToolsVersion = 14.3.1;
						TestTargetID = 206FC48A2A9BC224009D41B6;
					};
					206FC4A42A9BC225009D41B6 = {
						CreatedOnToolsVersion = 14.3.1;
						TestTargetID = 206FC48A2A9BC224009D41B6;
					};
				};
			};
			buildConfigurationList = 206FC4862A9BC224009D41B6 /* Build configuration list for PBXProject "first-app" */;
			compatibilityVersion = "Xcode 14.0";
			developmentRegion = en;
			hasScannedForEncodings = 0;
			knownRegions = (
				en,
				Base,
			);
			mainGroup = 206FC4822A9BC224009D41B6;
			productRefGroup = 206FC48C2A9BC224009D41B6 /* Products */;
			projectDirPath = "";
			projectRoot = "";
			targets = (
				206FC48A2A9BC224009D41B6 /* first-app */,
				206FC49A2A9BC225009D41B6 /* first-appTests */,
				206FC4A42A9BC225009D41B6 /* first-appUITests */,
			);
		};
/* End PBXProject section */

/* Begin PBXResourcesBuildPhase section */
		206FC4892A9BC224009D41B6 /* Resources */ = {
			isa = PBXResourcesBuildPhase;
			buildActionMask = 2147483647;
			files = (
				206FC4962A9BC225009D41B6 /* Preview Assets.xcassets in Resources */,
				206FC4932A9BC225009D41B6 /* Assets.xcassets in Resources */,
			);
			runOnlyForDeploymentPostprocessing = 0;
		};
		206FC4992A9BC225009D41B6 /* Resources */ = {
			isa = PBXResourcesBuildPhase;
			buildActionMask = 2147483647;
			files = (
			);
			runOnlyForDeploymentPostprocessing = 0;
		};
		206FC4A32A9BC225009D41B6 /* Resources */ = {
			isa = PBXResourcesBuildPhase;
			buildActionMask = 2147483647;
			files = (
			);
			runOnlyForDeploymentPostprocessing = 0;
		};
/* End PBXResourcesBuildPhase section */

/* Begin PBXSourcesBuildPhase section */
		206FC4872A9BC224009D41B6 /* Sources */ = {
			isa = PBXSourcesBuildPhase;
			buildActionMask = 2147483647;
			files = (
				206FC4C12A9BDBC1009D41B6 /* SplashUIState.swift in Sources */,
				20768E912AA7FFFD00816F3D /* SignInViewRouter.swift in Sources */,
				206FC4CC2A9BF8F8009D41B6 /* LoginView.swift in Sources */,
				2018A2512AAA30A400CD0779 /* CardNavigateToCategory.swift in Sources */,
				20768EA32AA8128F00816F3D /* SignUpViewRouter.swift in Sources */,
				20DBAD342AB7CFA5000A1645 /* TaskDetails.swift in Sources */,
				206FC48F2A9BC224009D41B6 /* first_appApp.swift in Sources */,
				20768E8F2AA7FC0500816F3D /* SignInUIState.swift in Sources */,
				206FC4C42A9BE1F7009D41B6 /* SplashImage.swift in Sources */,
				2018A2552AAA4B6200CD0779 /* HomeModel.swift in Sources */,
				2018A2532AAA44CE00CD0779 /* CardTask.swift in Sources */,
				20DBAD362AB7D038000A1645 /* TaskDetailsViewModel.swift in Sources */,
				206FC4C82A9BF15D009D41B6 /* SplashViewModel.swift in Sources */,
				20768EA12AA80B9100816F3D /* SignUpViewModel.swift in Sources */,
				2020F42D2AA5489500BBA00C /* SigInViewModel.swift in Sources */,
				20768E992AA800D100816F3D /* HomeViewModel.swift in Sources */,
				2018A25F2AAA5E9E00CD0779 /* FormNewTodoModel.swift in Sources */,
				206FC4C62A9BE4E9009D41B6 /* ErrorScreen.swift in Sources */,
				20768E9F2AA80AB000816F3D /* SignUpView.swift in Sources */,
				2018A25B2AAA524100CD0779 /* FormNewTodoView.swift in Sources */,
				2018A25D2AAA59D300CD0779 /* FormNewTodoViewModel.swift in Sources */,
				20768E972AA8006800816F3D /* HomeView.swift in Sources */,
				206FC4BF2A9BDB7C009D41B6 /* SplashView.swift in Sources */,
				2020F42F2AA5496C00BBA00C /* SplashViewRouter.swift in Sources */,
				2018A24F2AAA289B00CD0779 /* UserProfile.swift in Sources */,
			);
			runOnlyForDeploymentPostprocessing = 0;
		};
		206FC4972A9BC225009D41B6 /* Sources */ = {
			isa = PBXSourcesBuildPhase;
			buildActionMask = 2147483647;
			files = (
				206FC4A02A9BC225009D41B6 /* first_appTests.swift in Sources */,
			);
			runOnlyForDeploymentPostprocessing = 0;
		};
		206FC4A12A9BC225009D41B6 /* Sources */ = {
			isa = PBXSourcesBuildPhase;
			buildActionMask = 2147483647;
			files = (
				206FC4AA2A9BC225009D41B6 /* first_appUITests.swift in Sources */,
				206FC4AC2A9BC225009D41B6 /* first_appUITestsLaunchTests.swift in Sources */,
			);
			runOnlyForDeploymentPostprocessing = 0;
		};
/* End PBXSourcesBuildPhase section */

/* Begin PBXTargetDependency section */
		206FC49D2A9BC225009D41B6 /* PBXTargetDependency */ = {
			isa = PBXTargetDependency;
			target = 206FC48A2A9BC224009D41B6 /* first-app */;
			targetProxy = 206FC49C2A9BC225009D41B6 /* PBXContainerItemProxy */;
		};
		206FC4A72A9BC225009D41B6 /* PBXTargetDependency */ = {
			isa = PBXTargetDependency;
			target = 206FC48A2A9BC224009D41B6 /* first-app */;
			targetProxy = 206FC4A62A9BC225009D41B6 /* PBXContainerItemProxy */;
		};
/* End PBXTargetDependency section */

/* Begin XCBuildConfiguration section */
		206FC4AD2A9BC225009D41B6 /* Debug */ = {
			isa = XCBuildConfiguration;
			buildSettings = {
				ALWAYS_SEARCH_USER_PATHS = NO;
				CLANG_ANALYZER_NONNULL = YES;
				CLANG_ANALYZER_NUMBER_OBJECT_CONVERSION = YES_AGGRESSIVE;
				CLANG_CXX_LANGUAGE_STANDARD = "gnu++20";
				CLANG_ENABLE_MODULES = YES;
				CLANG_ENABLE_OBJC_ARC = YES;
				CLANG_ENABLE_OBJC_WEAK = YES;
				CLANG_WARN_BLOCK_CAPTURE_AUTORELEASING = YES;
				CLANG_WARN_BOOL_CONVERSION = YES;
				CLANG_WARN_COMMA = YES;
				CLANG_WARN_CONSTANT_CONVERSION = YES;
				CLANG_WARN_DEPRECATED_OBJC_IMPLEMENTATIONS = YES;
				CLANG_WARN_DIRECT_OBJC_ISA_USAGE = YES_ERROR;
				CLANG_WARN_DOCUMENTATION_COMMENTS = YES;
				CLANG_WARN_EMPTY_BODY = YES;
				CLANG_WARN_ENUM_CONVERSION = YES;
				CLANG_WARN_INFINITE_RECURSION = YES;
				CLANG_WARN_INT_CONVERSION = YES;
				CLANG_WARN_NON_LITERAL_NULL_CONVERSION = YES;
				CLANG_WARN_OBJC_IMPLICIT_RETAIN_SELF = YES;
				CLANG_WARN_OBJC_LITERAL_CONVERSION = YES;
				CLANG_WARN_OBJC_ROOT_CLASS = YES_ERROR;
				CLANG_WARN_QUOTED_INCLUDE_IN_FRAMEWORK_HEADER = YES;
				CLANG_WARN_RANGE_LOOP_ANALYSIS = YES;
				CLANG_WARN_STRICT_PROTOTYPES = YES;
				CLANG_WARN_SUSPICIOUS_MOVE = YES;
				CLANG_WARN_UNGUARDED_AVAILABILITY = YES_AGGRESSIVE;
				CLANG_WARN_UNREACHABLE_CODE = YES;
				CLANG_WARN__DUPLICATE_METHOD_MATCH = YES;
				COPY_PHASE_STRIP = NO;
				DEBUG_INFORMATION_FORMAT = dwarf;
				ENABLE_STRICT_OBJC_MSGSEND = YES;
				ENABLE_TESTABILITY = YES;
				GCC_C_LANGUAGE_STANDARD = gnu11;
				GCC_DYNAMIC_NO_PIC = NO;
				GCC_NO_COMMON_BLOCKS = YES;
				GCC_OPTIMIZATION_LEVEL = 0;
				GCC_PREPROCESSOR_DEFINITIONS = (
					"DEBUG=1",
					"$(inherited)",
				);
				GCC_WARN_64_TO_32_BIT_CONVERSION = YES;
				GCC_WARN_ABOUT_RETURN_TYPE = YES_ERROR;
				GCC_WARN_UNDECLARED_SELECTOR = YES;
				GCC_WARN_UNINITIALIZED_AUTOS = YES_AGGRESSIVE;
				GCC_WARN_UNUSED_FUNCTION = YES;
				GCC_WARN_UNUSED_VARIABLE = YES;
				IPHONEOS_DEPLOYMENT_TARGET = 16.4;
				MTL_ENABLE_DEBUG_INFO = INCLUDE_SOURCE;
				MTL_FAST_MATH = YES;
				ONLY_ACTIVE_ARCH = YES;
				SDKROOT = iphoneos;
				SWIFT_ACTIVE_COMPILATION_CONDITIONS = DEBUG;
				SWIFT_OPTIMIZATION_LEVEL = "-Onone";
			};
			name = Debug;
		};
		206FC4AE2A9BC225009D41B6 /* Release */ = {
			isa = XCBuildConfiguration;
			buildSettings = {
				ALWAYS_SEARCH_USER_PATHS = NO;
				CLANG_ANALYZER_NONNULL = YES;
				CLANG_ANALYZER_NUMBER_OBJECT_CONVERSION = YES_AGGRESSIVE;
				CLANG_CXX_LANGUAGE_STANDARD = "gnu++20";
				CLANG_ENABLE_MODULES = YES;
				CLANG_ENABLE_OBJC_ARC = YES;
				CLANG_ENABLE_OBJC_WEAK = YES;
				CLANG_WARN_BLOCK_CAPTURE_AUTORELEASING = YES;
				CLANG_WARN_BOOL_CONVERSION = YES;
				CLANG_WARN_COMMA = YES;
				CLANG_WARN_CONSTANT_CONVERSION = YES;
				CLANG_WARN_DEPRECATED_OBJC_IMPLEMENTATIONS = YES;
				CLANG_WARN_DIRECT_OBJC_ISA_USAGE = YES_ERROR;
				CLANG_WARN_DOCUMENTATION_COMMENTS = YES;
				CLANG_WARN_EMPTY_BODY = YES;
				CLANG_WARN_ENUM_CONVERSION = YES;
				CLANG_WARN_INFINITE_RECURSION = YES;
				CLANG_WARN_INT_CONVERSION = YES;
				CLANG_WARN_NON_LITERAL_NULL_CONVERSION = YES;
				CLANG_WARN_OBJC_IMPLICIT_RETAIN_SELF = YES;
				CLANG_WARN_OBJC_LITERAL_CONVERSION = YES;
				CLANG_WARN_OBJC_ROOT_CLASS = YES_ERROR;
				CLANG_WARN_QUOTED_INCLUDE_IN_FRAMEWORK_HEADER = YES;
				CLANG_WARN_RANGE_LOOP_ANALYSIS = YES;
				CLANG_WARN_STRICT_PROTOTYPES = YES;
				CLANG_WARN_SUSPICIOUS_MOVE = YES;
				CLANG_WARN_UNGUARDED_AVAILABILITY = YES_AGGRESSIVE;
				CLANG_WARN_UNREACHABLE_CODE = YES;
				CLANG_WARN__DUPLICATE_METHOD_MATCH = YES;
				COPY_PHASE_STRIP = NO;
				DEBUG_INFORMATION_FORMAT = "dwarf-with-dsym";
				ENABLE_NS_ASSERTIONS = NO;
				ENABLE_STRICT_OBJC_MSGSEND = YES;
				GCC_C_LANGUAGE_STANDARD = gnu11;
				GCC_NO_COMMON_BLOCKS = YES;
				GCC_WARN_64_TO_32_BIT_CONVERSION = YES;
				GCC_WARN_ABOUT_RETURN_TYPE = YES_ERROR;
				GCC_WARN_UNDECLARED_SELECTOR = YES;
				GCC_WARN_UNINITIALIZED_AUTOS = YES_AGGRESSIVE;
				GCC_WARN_UNUSED_FUNCTION = YES;
				GCC_WARN_UNUSED_VARIABLE = YES;
				IPHONEOS_DEPLOYMENT_TARGET = 16.4;
				MTL_ENABLE_DEBUG_INFO = NO;
				MTL_FAST_MATH = YES;
				SDKROOT = iphoneos;
				SWIFT_COMPILATION_MODE = wholemodule;
				SWIFT_OPTIMIZATION_LEVEL = "-O";
				VALIDATE_PRODUCT = YES;
			};
			name = Release;
		};
		206FC4B02A9BC225009D41B6 /* Debug */ = {
			isa = XCBuildConfiguration;
			buildSettings = {
				ASSETCATALOG_COMPILER_APPICON_NAME = AppIcon;
				ASSETCATALOG_COMPILER_GLOBAL_ACCENT_COLOR_NAME = AccentColor;
				CODE_SIGN_STYLE = Automatic;
				CURRENT_PROJECT_VERSION = 1;
				DEVELOPMENT_ASSET_PATHS = "\"first-app/Preview Content\"";
				ENABLE_PREVIEWS = YES;
				GENERATE_INFOPLIST_FILE = YES;
				INFOPLIST_KEY_UIApplicationSceneManifest_Generation = YES;
				INFOPLIST_KEY_UIApplicationSupportsIndirectInputEvents = YES;
				INFOPLIST_KEY_UILaunchScreen_Generation = YES;
				INFOPLIST_KEY_UISupportedInterfaceOrientations_iPad = "UIInterfaceOrientationPortrait UIInterfaceOrientationPortraitUpsideDown UIInterfaceOrientationLandscapeLeft UIInterfaceOrientationLandscapeRight";
				INFOPLIST_KEY_UISupportedInterfaceOrientations_iPhone = "UIInterfaceOrientationPortrait UIInterfaceOrientationLandscapeLeft UIInterfaceOrientationLandscapeRight";
				IPHONEOS_DEPLOYMENT_TARGET = 14.0;
				LD_RUNPATH_SEARCH_PATHS = (
					"$(inherited)",
					"@executable_path/Frameworks",
				);
				MARKETING_VERSION = 1.0;
				PRODUCT_BUNDLE_IDENTIFIER = "icaro.first-app";
				PRODUCT_NAME = "$(TARGET_NAME)";
				SWIFT_EMIT_LOC_STRINGS = YES;
				SWIFT_VERSION = 5.0;
				TARGETED_DEVICE_FAMILY = "1,2";
			};
			name = Debug;
		};
		206FC4B12A9BC225009D41B6 /* Release */ = {
			isa = XCBuildConfiguration;
			buildSettings = {
				ASSETCATALOG_COMPILER_APPICON_NAME = AppIcon;
				ASSETCATALOG_COMPILER_GLOBAL_ACCENT_COLOR_NAME = AccentColor;
				CODE_SIGN_STYLE = Automatic;
				CURRENT_PROJECT_VERSION = 1;
				DEVELOPMENT_ASSET_PATHS = "\"first-app/Preview Content\"";
				ENABLE_PREVIEWS = YES;
				GENERATE_INFOPLIST_FILE = YES;
				INFOPLIST_KEY_UIApplicationSceneManifest_Generation = YES;
				INFOPLIST_KEY_UIApplicationSupportsIndirectInputEvents = YES;
				INFOPLIST_KEY_UILaunchScreen_Generation = YES;
				INFOPLIST_KEY_UISupportedInterfaceOrientations_iPad = "UIInterfaceOrientationPortrait UIInterfaceOrientationPortraitUpsideDown UIInterfaceOrientationLandscapeLeft UIInterfaceOrientationLandscapeRight";
				INFOPLIST_KEY_UISupportedInterfaceOrientations_iPhone = "UIInterfaceOrientationPortrait UIInterfaceOrientationLandscapeLeft UIInterfaceOrientationLandscapeRight";
				IPHONEOS_DEPLOYMENT_TARGET = 14.0;
				LD_RUNPATH_SEARCH_PATHS = (
					"$(inherited)",
					"@executable_path/Frameworks",
				);
				MARKETING_VERSION = 1.0;
				PRODUCT_BUNDLE_IDENTIFIER = "icaro.first-app";
				PRODUCT_NAME = "$(TARGET_NAME)";
				SWIFT_EMIT_LOC_STRINGS = YES;
				SWIFT_VERSION = 5.0;
				TARGETED_DEVICE_FAMILY = "1,2";
			};
			name = Release;
		};
		206FC4B32A9BC225009D41B6 /* Debug */ = {
			isa = XCBuildConfiguration;
			buildSettings = {
				ALWAYS_EMBED_SWIFT_STANDARD_LIBRARIES = YES;
				BUNDLE_LOADER = "$(TEST_HOST)";
				CODE_SIGN_STYLE = Automatic;
				CURRENT_PROJECT_VERSION = 1;
				GENERATE_INFOPLIST_FILE = YES;
				IPHONEOS_DEPLOYMENT_TARGET = 16.4;
				MARKETING_VERSION = 1.0;
				PRODUCT_BUNDLE_IDENTIFIER = "icaro.first-appTests";
				PRODUCT_NAME = "$(TARGET_NAME)";
				SWIFT_EMIT_LOC_STRINGS = NO;
				SWIFT_VERSION = 5.0;
				TARGETED_DEVICE_FAMILY = "1,2";
				TEST_HOST = "$(BUILT_PRODUCTS_DIR)/first-app.app/$(BUNDLE_EXECUTABLE_FOLDER_PATH)/first-app";
			};
			name = Debug;
		};
		206FC4B42A9BC225009D41B6 /* Release */ = {
			isa = XCBuildConfiguration;
			buildSettings = {
				ALWAYS_EMBED_SWIFT_STANDARD_LIBRARIES = YES;
				BUNDLE_LOADER = "$(TEST_HOST)";
				CODE_SIGN_STYLE = Automatic;
				CURRENT_PROJECT_VERSION = 1;
				GENERATE_INFOPLIST_FILE = YES;
				IPHONEOS_DEPLOYMENT_TARGET = 16.4;
				MARKETING_VERSION = 1.0;
				PRODUCT_BUNDLE_IDENTIFIER = "icaro.first-appTests";
				PRODUCT_NAME = "$(TARGET_NAME)";
				SWIFT_EMIT_LOC_STRINGS = NO;
				SWIFT_VERSION = 5.0;
				TARGETED_DEVICE_FAMILY = "1,2";
				TEST_HOST = "$(BUILT_PRODUCTS_DIR)/first-app.app/$(BUNDLE_EXECUTABLE_FOLDER_PATH)/first-app";
			};
			name = Release;
		};
		206FC4B62A9BC225009D41B6 /* Debug */ = {
			isa = XCBuildConfiguration;
			buildSettings = {
				ALWAYS_EMBED_SWIFT_STANDARD_LIBRARIES = YES;
				CODE_SIGN_STYLE = Automatic;
				CURRENT_PROJECT_VERSION = 1;
				GENERATE_INFOPLIST_FILE = YES;
				MARKETING_VERSION = 1.0;
				PRODUCT_BUNDLE_IDENTIFIER = "icaro.first-appUITests";
				PRODUCT_NAME = "$(TARGET_NAME)";
				SWIFT_EMIT_LOC_STRINGS = NO;
				SWIFT_VERSION = 5.0;
				TARGETED_DEVICE_FAMILY = "1,2";
				TEST_TARGET_NAME = "first-app";
			};
			name = Debug;
		};
		206FC4B72A9BC225009D41B6 /* Release */ = {
			isa = XCBuildConfiguration;
			buildSettings = {
				ALWAYS_EMBED_SWIFT_STANDARD_LIBRARIES = YES;
				CODE_SIGN_STYLE = Automatic;
				CURRENT_PROJECT_VERSION = 1;
				GENERATE_INFOPLIST_FILE = YES;
				MARKETING_VERSION = 1.0;
				PRODUCT_BUNDLE_IDENTIFIER = "icaro.first-appUITests";
				PRODUCT_NAME = "$(TARGET_NAME)";
				SWIFT_EMIT_LOC_STRINGS = NO;
				SWIFT_VERSION = 5.0;
				TARGETED_DEVICE_FAMILY = "1,2";
				TEST_TARGET_NAME = "first-app";
			};
			name = Release;
		};
/* End XCBuildConfiguration section */

/* Begin XCConfigurationList section */
		206FC4862A9BC224009D41B6 /* Build configuration list for PBXProject "first-app" */ = {
			isa = XCConfigurationList;
			buildConfigurations = (
				206FC4AD2A9BC225009D41B6 /* Debug */,
				206FC4AE2A9BC225009D41B6 /* Release */,
			);
			defaultConfigurationIsVisible = 0;
			defaultConfigurationName = Release;
		};
		206FC4AF2A9BC225009D41B6 /* Build configuration list for PBXNativeTarget "first-app" */ = {
			isa = XCConfigurationList;
			buildConfigurations = (
				206FC4B02A9BC225009D41B6 /* Debug */,
				206FC4B12A9BC225009D41B6 /* Release */,
			);
			defaultConfigurationIsVisible = 0;
			defaultConfigurationName = Release;
		};
		206FC4B22A9BC225009D41B6 /* Build configuration list for PBXNativeTarget "first-appTests" */ = {
			isa = XCConfigurationList;
			buildConfigurations = (
				206FC4B32A9BC225009D41B6 /* Debug */,
				206FC4B42A9BC225009D41B6 /* Release */,
			);
			defaultConfigurationIsVisible = 0;
			defaultConfigurationName = Release;
		};
		206FC4B52A9BC225009D41B6 /* Build configuration list for PBXNativeTarget "first-appUITests" */ = {
			isa = XCConfigurationList;
			buildConfigurations = (
				206FC4B62A9BC225009D41B6 /* Debug */,
				206FC4B72A9BC225009D41B6 /* Release */,
			);
			defaultConfigurationIsVisible = 0;
			defaultConfigurationName = Release;
		};
/* End XCConfigurationList section */
	};
	rootObject = 206FC4832A9BC224009D41B6 /* Project object */;
}
